
Microsoft Visual Studio Solution File, Format Version 12.00
# Visual Studio Version 16
VisualStudioVersion = 16.0.30204.135
MinimumVisualStudioVersion = 10.0.40219.1
Project("{FAE04EC0-301F-11D3-BF4B-00C04F79EFBC}") = "9_4LabCreatingDynamicHTML", "9_4LabCreatingDynamicHTML.csproj", "{4F8721E5-4A2C-48FF-A25F-0138C75FE442}"
EndProject
Global
	GlobalSection(SolutionConfigurationPlatforms) = preSolution
		Debug|Any CPU = Debug|Any CPU
		Release|Any CPU = Release|Any CPU
	EndGlobalSection
	GlobalSection(ProjectConfigurationPlatforms) = postSolution
		{4F8721E5-4A2C-48FF-A25F-0138C75FE442}.Debug|Any CPU.ActiveCfg = Debug|Any CPU
		{4F8721E5-4A2C-48FF-A25F-0138C75FE442}.Debug|Any CPU.Build.0 = Debug|Any CPU
		{4F8721E5-4A2C-48FF-A25F-0138C75FE442}.Release|Any CPU.ActiveCfg = Release|Any CPU
		{4F8721E5-4A2C-48FF-A25F-0138C75FE442}.Release|Any CPU.Build.0 = Release|Any CPU
	EndGlobalSection
	GlobalSection(SolutionProperties) = preSolution
		HideSolutionNode = FALSE
	EndGlobalSection
	GlobalSection(ExtensibilityGlobals) = postSolution
		SolutionGuid = {40795FD8-10CE-4A9A-83A7-C574FB7BCB76}
	EndGlobalSection
EndGlobal
